
Microsoft Visual Studio Solution File, Format Version 12.00
# Visual Studio 15
VisualStudioVersion = 15.0.28010.2048
MinimumVisualStudioVersion = 10.0.40219.1
Project("{FAE04EC0-301F-11D3-BF4B-00C04F79EFBC}") = "bugRepo.Android", "bugRepo\bugRepo.Android\bugRepo.Android.csproj", "{A8747C30-E512-421F-9B60-430526BC149F}"
EndProject
Project("{FAE04EC0-301F-11D3-BF4B-00C04F79EFBC}") = "bugRepo.iOS", "bugRepo\bugRepo.iOS\bugRepo.iOS.csproj", "{B7F12DB1-D51F-45EF-8D4D-F6B6DFAF2971}"
EndProject
Project("{FAE04EC0-301F-11D3-BF4B-00C04F79EFBC}") = "bugRepo.UWP", "bugRepo\bugRepo.UWP\bugRepo.UWP.csproj", "{48817258-A994-457D-9A5B-7D82C19EE794}"
EndProject
Project("{FAE04EC0-301F-11D3-BF4B-00C04F79EFBC}") = "bugRepo", "bugRepo\bugRepo\bugRepo.csproj", "{D7E78FC0-FFFE-4B52-9B2B-589CEEC8C9E5}"
EndProject
Global
	GlobalSection(SolutionConfigurationPlatforms) = preSolution
		Ad-Hoc|Any CPU = Ad-Hoc|Any CPU
		Ad-Hoc|ARM = Ad-Hoc|ARM
		Ad-Hoc|iPhone = Ad-Hoc|iPhone
		Ad-Hoc|iPhoneSimulator = Ad-Hoc|iPhoneSimulator
		Ad-Hoc|x64 = Ad-Hoc|x64
		Ad-Hoc|x86 = Ad-Hoc|x86
		AppStore|Any CPU = AppStore|Any CPU
		AppStore|ARM = AppStore|ARM
		AppStore|iPhone = AppStore|iPhone
		AppStore|iPhoneSimulator = AppStore|iPhoneSimulator
		AppStore|x64 = AppStore|x64
		AppStore|x86 = AppStore|x86
		Debug|Any CPU = Debug|Any CPU
		Debug|ARM = Debug|ARM
		Debug|iPhone = Debug|iPhone
		Debug|iPhoneSimulator = Debug|iPhoneSimulator
		Debug|x64 = Debug|x64
		Debug|x86 = Debug|x86
		Release|Any CPU = Release|Any CPU
		Release|ARM = Release|ARM
		Release|iPhone = Release|iPhone
		Release|iPhoneSimulator = Release|iPhoneSimulator
		Release|x64 = Release|x64
		Release|x86 = Release|x86
	EndGlobalSection
	GlobalSection(ProjectConfigurationPlatforms) = postSolution
		{A8747C30-E512-421F-9B60-430526BC149F}.Ad-Hoc|Any CPU.ActiveCfg = Release|Any CPU
		{A8747C30-E512-421F-9B60-430526BC149F}.Ad-Hoc|Any CPU.Build.0 = Release|Any CPU
		{A8747C30-E512-421F-9B60-430526BC149F}.Ad-Hoc|Any CPU.Deploy.0 = Release|Any CPU
		{A8747C30-E512-421F-9B60-430526BC149F}.Ad-Hoc|ARM.ActiveCfg = Release|Any CPU
		{A8747C30-E512-421F-9B60-430526BC149F}.Ad-Hoc|ARM.Build.0 = Release|Any CPU
		{A8747C30-E512-421F-9B60-430526BC149F}.Ad-Hoc|ARM.Deploy.0 = Release|Any CPU
		{A8747C30-E512-421F-9B60-430526BC149F}.Ad-Hoc|iPhone.ActiveCfg = Release|Any CPU
		{A8747C30-E512-421F-9B60-430526BC149F}.Ad-Hoc|iPhone.Build.0 = Release|Any CPU
		{A8747C30-E512-421F-9B60-430526BC149F}.Ad-Hoc|iPhone.Deploy.0 = Release|Any CPU
		{A8747C30-E512-421F-9B60-430526BC149F}.Ad-Hoc|iPhoneSimulator.ActiveCfg = Release|Any CPU
		{A8747C30-E512-421F-9B60-430526BC149F}.Ad-Hoc|iPhoneSimulator.Build.0 = Release|Any CPU
		{A8747C30-E512-421F-9B60-430526BC149F}.Ad-Hoc|iPhoneSimulator.Deploy.0 = Release|Any CPU
		{A8747C30-E512-421F-9B60-430526BC149F}.Ad-Hoc|x64.ActiveCfg = Release|Any CPU
		{A8747C30-E512-421F-9B60-430526BC149F}.Ad-Hoc|x64.Build.0 = Release|Any CPU
		{A8747C30-E512-421F-9B60-430526BC149F}.Ad-Hoc|x64.Deploy.0 = Release|Any CPU
		{A8747C30-E512-421F-9B60-430526BC149F}.Ad-Hoc|x86.ActiveCfg = Release|Any CPU
		{A8747C30-E512-421F-9B60-430526BC149F}.Ad-Hoc|x86.Build.0 = Release|Any CPU
		{A8747C30-E512-421F-9B60-430526BC149F}.Ad-Hoc|x86.Deploy.0 = Release|Any CPU
		{A8747C30-E512-421F-9B60-430526BC149F}.AppStore|Any CPU.ActiveCfg = Release|Any CPU
		{A8747C30-E512-421F-9B60-430526BC149F}.AppStore|Any CPU.Build.0 = Release|Any CPU
		{A8747C30-E512-421F-9B60-430526BC149F}.AppStore|Any CPU.Deploy.0 = Release|Any CPU
		{A8747C30-E512-421F-9B60-430526BC149F}.AppStore|ARM.ActiveCfg = Release|Any CPU
		{A8747C30-E512-421F-9B60-430526BC149F}.AppStore|ARM.Build.0 = Release|Any CPU
		{A8747C30-E512-421F-9B60-430526BC149F}.AppStore|ARM.Deploy.0 = Release|Any CPU
		{A8747C30-E512-421F-9B60-430526BC149F}.AppStore|iPhone.ActiveCfg = Release|Any CPU
		{A8747C30-E512-421F-9B60-430526BC149F}.AppStore|iPhone.Build.0 = Release|Any CPU
		{A8747C30-E512-421F-9B60-430526BC149F}.AppStore|iPhone.Deploy.0 = Release|Any CPU
		{A8747C30-E512-421F-9B60-430526BC149F}.AppStore|iPhoneSimulator.ActiveCfg = Release|Any CPU
		{A8747C30-E512-421F-9B60-430526BC149F}.AppStore|iPhoneSimulator.Build.0 = Release|Any CPU
		{A8747C30-E512-421F-9B60-430526BC149F}.AppStore|iPhoneSimulator.Deploy.0 = Release|Any CPU
		{A8747C30-E512-421F-9B60-430526BC149F}.AppStore|x64.ActiveCfg = Release|Any CPU
		{A8747C30-E512-421F-9B60-430526BC149F}.AppStore|x64.Build.0 = Release|Any CPU
		{A8747C30-E512-421F-9B60-430526BC149F}.AppStore|x64.Deploy.0 = Release|Any CPU
		{A8747C30-E512-421F-9B60-430526BC149F}.AppStore|x86.ActiveCfg = Release|Any CPU
		{A8747C30-E512-421F-9B60-430526BC149F}.AppStore|x86.Build.0 = Release|Any CPU
		{A8747C30-E512-421F-9B60-430526BC149F}.AppStore|x86.Deploy.0 = Release|Any CPU
		{A8747C30-E512-421F-9B60-430526BC149F}.Debug|Any CPU.ActiveCfg = Debug|Any CPU
		{A8747C30-E512-421F-9B60-430526BC149F}.Debug|Any CPU.Build.0 = Debug|Any CPU
		{A8747C30-E512-421F-9B60-430526BC149F}.Debug|Any CPU.Deploy.0 = Debug|Any CPU
		{A8747C30-E512-421F-9B60-430526BC149F}.Debug|ARM.ActiveCfg = Debug|Any CPU
		{A8747C30-E512-421F-9B60-430526BC149F}.Debug|ARM.Build.0 = Debug|Any CPU
		{A8747C30-E512-421F-9B60-430526BC149F}.Debug|ARM.Deploy.0 = Debug|Any CPU
		{A8747C30-E512-421F-9B60-430526BC149F}.Debug|iPhone.ActiveCfg = Debug|Any CPU
		{A8747C30-E512-421F-9B60-430526BC149F}.Debug|iPhone.Build.0 = Debug|Any CPU
		{A8747C30-E512-421F-9B60-430526BC149F}.Debug|iPhone.Deploy.0 = Debug|Any CPU
		{A8747C30-E512-421F-9B60-430526BC149F}.Debug|iPhoneSimulator.ActiveCfg = Debug|Any CPU
		{A8747C30-E512-421F-9B60-430526BC149F}.Debug|iPhoneSimulator.Build.0 = Debug|Any CPU
		{A8747C30-E512-421F-9B60-430526BC149F}.Debug|iPhoneSimulator.Deploy.0 = Debug|Any CPU
		{A8747C30-E512-421F-9B60-430526BC149F}.Debug|x64.ActiveCfg = Debug|Any CPU
		{A8747C30-E512-421F-9B60-430526BC149F}.Debug|x64.Build.0 = Debug|Any CPU
		{A8747C30-E512-421F-9B60-430526BC149F}.Debug|x64.Deploy.0 = Debug|Any CPU
		{A8747C30-E512-421F-9B60-430526BC149F}.Debug|x86.ActiveCfg = Debug|Any CPU
		{A8747C30-E512-421F-9B60-430526BC149F}.Debug|x86.Build.0 = Debug|Any CPU
		{A8747C30-E512-421F-9B60-430526BC149F}.Debug|x86.Deploy.0 = Debug|Any CPU
		{A8747C30-E512-421F-9B60-430526BC149F}.Release|Any CPU.ActiveCfg = Release|Any CPU
		{A8747C30-E512-421F-9B60-430526BC149F}.Release|Any CPU.Build.0 = Release|Any CPU
		{A8747C30-E512-421F-9B60-430526BC149F}.Release|Any CPU.Deploy.0 = Release|Any CPU
		{A8747C30-E512-421F-9B60-430526BC149F}.Release|ARM.ActiveCfg = Release|Any CPU
		{A8747C30-E512-421F-9B60-430526BC149F}.Release|ARM.Build.0 = Release|Any CPU
		{A8747C30-E512-421F-9B60-430526BC149F}.Release|ARM.Deploy.0 = Release|Any CPU
		{A8747C30-E512-421F-9B60-430526BC149F}.Release|iPhone.ActiveCfg = Release|Any CPU
		{A8747C30-E512-421F-9B60-430526BC149F}.Release|iPhone.Build.0 = Release|Any CPU
		{A8747C30-E512-421F-9B60-430526BC149F}.Release|iPhone.Deploy.0 = Release|Any CPU
		{A8747C30-E512-421F-9B60-430526BC149F}.Release|iPhoneSimulator.ActiveCfg = Release|Any CPU
		{A8747C30-E512-421F-9B60-430526BC149F}.Release|iPhoneSimulator.Build.0 = Release|Any CPU
		{A8747C30-E512-421F-9B60-430526BC149F}.Release|iPhoneSimulator.Deploy.0 = Release|Any CPU
		{A8747C30-E512-421F-9B60-430526BC149F}.Release|x64.ActiveCfg = Release|Any CPU
		{A8747C30-E512-421F-9B60-430526BC149F}.Release|x64.Build.0 = Release|Any CPU
		{A8747C30-E512-421F-9B60-430526BC149F}.Release|x64.Deploy.0 = Release|Any CPU
		{A8747C30-E512-421F-9B60-430526BC149F}.Release|x86.ActiveCfg = Release|Any CPU
		{A8747C30-E512-421F-9B60-430526BC149F}.Release|x86.Build.0 = Release|Any CPU
		{A8747C30-E512-421F-9B60-430526BC149F}.Release|x86.Deploy.0 = Release|Any CPU
		{B7F12DB1-D51F-45EF-8D4D-F6B6DFAF2971}.Ad-Hoc|Any CPU.ActiveCfg = Ad-Hoc|iPhone
		{B7F12DB1-D51F-45EF-8D4D-F6B6DFAF2971}.Ad-Hoc|Any CPU.Build.0 = Ad-Hoc|iPhone
		{B7F12DB1-D51F-45EF-8D4D-F6B6DFAF2971}.Ad-Hoc|Any CPU.Deploy.0 = Ad-Hoc|iPhone
		{B7F12DB1-D51F-45EF-8D4D-F6B6DFAF2971}.Ad-Hoc|ARM.ActiveCfg = Ad-Hoc|iPhone
		{B7F12DB1-D51F-45EF-8D4D-F6B6DFAF2971}.Ad-Hoc|ARM.Build.0 = Ad-Hoc|iPhone
		{B7F12DB1-D51F-45EF-8D4D-F6B6DFAF2971}.Ad-Hoc|ARM.Deploy.0 = Ad-Hoc|iPhone
		{B7F12DB1-D51F-45EF-8D4D-F6B6DFAF2971}.Ad-Hoc|iPhone.ActiveCfg = Ad-Hoc|iPhone
		{B7F12DB1-D51F-45EF-8D4D-F6B6DFAF2971}.Ad-Hoc|iPhone.Build.0 = Ad-Hoc|iPhone
		{B7F12DB1-D51F-45EF-8D4D-F6B6DFAF2971}.Ad-Hoc|iPhone.Deploy.0 = Ad-Hoc|iPhone
		{B7F12DB1-D51F-45EF-8D4D-F6B6DFAF2971}.Ad-Hoc|iPhoneSimulator.ActiveCfg = Ad-Hoc|iPhoneSimulator
		{B7F12DB1-D51F-45EF-8D4D-F6B6DFAF2971}.Ad-Hoc|iPhoneSimulator.Build.0 = Ad-Hoc|iPhoneSimulator
		{B7F12DB1-D51F-45EF-8D4D-F6B6DFAF2971}.Ad-Hoc|iPhoneSimulator.Deploy.0 = Ad-Hoc|iPhoneSimulator
		{B7F12DB1-D51F-45EF-8D4D-F6B6DFAF2971}.Ad-Hoc|x64.ActiveCfg = Ad-Hoc|iPhone
		{B7F12DB1-D51F-45EF-8D4D-F6B6DFAF2971}.Ad-Hoc|x64.Build.0 = Ad-Hoc|iPhone
		{B7F12DB1-D51F-45EF-8D4D-F6B6DFAF2971}.Ad-Hoc|x64.Deploy.0 = Ad-Hoc|iPhone
		{B7F12DB1-D51F-45EF-8D4D-F6B6DFAF2971}.Ad-Hoc|x86.ActiveCfg = Ad-Hoc|iPhone
		{B7F12DB1-D51F-45EF-8D4D-F6B6DFAF2971}.Ad-Hoc|x86.Build.0 = Ad-Hoc|iPhone
		{B7F12DB1-D51F-45EF-8D4D-F6B6DFAF2971}.Ad-Hoc|x86.Deploy.0 = Ad-Hoc|iPhone
		{B7F12DB1-D51F-45EF-8D4D-F6B6DFAF2971}.AppStore|Any CPU.ActiveCfg = AppStore|iPhone
		{B7F12DB1-D51F-45EF-8D4D-F6B6DFAF2971}.AppStore|Any CPU.Build.0 = AppStore|iPhone
		{B7F12DB1-D51F-45EF-8D4D-F6B6DFAF2971}.AppStore|Any CPU.Deploy.0 = AppStore|iPhone
		{B7F12DB1-D51F-45EF-8D4D-F6B6DFAF2971}.AppStore|ARM.ActiveCfg = AppStore|iPhone
		{B7F12DB1-D51F-45EF-8D4D-F6B6DFAF2971}.AppStore|ARM.Build.0 = AppStore|iPhone
		{B7F12DB1-D51F-45EF-8D4D-F6B6DFAF2971}.AppStore|ARM.Deploy.0 = AppStore|iPhone
		{B7F12DB1-D51F-45EF-8D4D-F6B6DFAF2971}.AppStore|iPhone.ActiveCfg = AppStore|iPhone
		{B7F12DB1-D51F-45EF-8D4D-F6B6DFAF2971}.AppStore|iPhone.Build.0 = AppStore|iPhone
		{B7F12DB1-D51F-45EF-8D4D-F6B6DFAF2971}.AppStore|iPhone.Deploy.0 = AppStore|iPhone
		{B7F12DB1-D51F-45EF-8D4D-F6B6DFAF2971}.AppStore|iPhoneSimulator.ActiveCfg = AppStore|iPhoneSimulator
		{B7F12DB1-D51F-45EF-8D4D-F6B6DFAF2971}.AppStore|iPhoneSimulator.Build.0 = AppStore|iPhoneSimulator
		{B7F12DB1-D51F-45EF-8D4D-F6B6DFAF2971}.AppStore|iPhoneSimulator.Deploy.0 = AppStore|iPhoneSimulator
		{B7F12DB1-D51F-45EF-8D4D-F6B6DFAF2971}.AppStore|x64.ActiveCfg = AppStore|iPhone
		{B7F12DB1-D51F-45EF-8D4D-F6B6DFAF2971}.AppStore|x64.Build.0 = AppStore|iPhone
		{B7F12DB1-D51F-45EF-8D4D-F6B6DFAF2971}.AppStore|x64.Deploy.0 = AppStore|iPhone
		{B7F12DB1-D51F-45EF-8D4D-F6B6DFAF2971}.AppStore|x86.ActiveCfg = AppStore|iPhone
		{B7F12DB1-D51F-45EF-8D4D-F6B6DFAF2971}.AppStore|x86.Build.0 = AppStore|iPhone
		{B7F12DB1-D51F-45EF-8D4D-F6B6DFAF2971}.AppStore|x86.Deploy.0 = AppStore|iPhone
		{B7F12DB1-D51F-45EF-8D4D-F6B6DFAF2971}.Debug|Any CPU.ActiveCfg = Debug|iPhoneSimulator
		{B7F12DB1-D51F-45EF-8D4D-F6B6DFAF2971}.Debug|Any CPU.Build.0 = Debug|iPhoneSimulator
		{B7F12DB1-D51F-45EF-8D4D-F6B6DFAF2971}.Debug|Any CPU.Deploy.0 = Debug|iPhoneSimulator
		{B7F12DB1-D51F-45EF-8D4D-F6B6DFAF2971}.Debug|ARM.ActiveCfg = Debug|iPhone
		{B7F12DB1-D51F-45EF-8D4D-F6B6DFAF2971}.Debug|ARM.Build.0 = Debug|iPhone
		{B7F12DB1-D51F-45EF-8D4D-F6B6DFAF2971}.Debug|ARM.Deploy.0 = Debug|iPhone
		{B7F12DB1-D51F-45EF-8D4D-F6B6DFAF2971}.Debug|iPhone.ActiveCfg = Debug|iPhone
		{B7F12DB1-D51F-45EF-8D4D-F6B6DFAF2971}.Debug|iPhone.Build.0 = Debug|iPhone
		{B7F12DB1-D51F-45EF-8D4D-F6B6DFAF2971}.Debug|iPhone.Deploy.0 = Debug|iPhone
		{B7F12DB1-D51F-45EF-8D4D-F6B6DFAF2971}.Debug|iPhoneSimulator.ActiveCfg = Debug|iPhoneSimulator
		{B7F12DB1-D51F-45EF-8D4D-F6B6DFAF2971}.Debug|iPhoneSimulator.Build.0 = Debug|iPhoneSimulator
		{B7F12DB1-D51F-45EF-8D4D-F6B6DFAF2971}.Debug|iPhoneSimulator.Deploy.0 = Debug|iPhoneSimulator
		{B7F12DB1-D51F-45EF-8D4D-F6B6DFAF2971}.Debug|x64.ActiveCfg = Debug|iPhone
		{B7F12DB1-D51F-45EF-8D4D-F6B6DFAF2971}.Debug|x64.Build.0 = Debug|iPhone
		{B7F12DB1-D51F-45EF-8D4D-F6B6DFAF2971}.Debug|x64.Deploy.0 = Debug|iPhone
		{B7F12DB1-D51F-45EF-8D4D-F6B6DFAF2971}.Debug|x86.ActiveCfg = Debug|iPhone
		{B7F12DB1-D51F-45EF-8D4D-F6B6DFAF2971}.Debug|x86.Build.0 = Debug|iPhone
		{B7F12DB1-D51F-45EF-8D4D-F6B6DFAF2971}.Debug|x86.Deploy.0 = Debug|iPhone
		{B7F12DB1-D51F-45EF-8D4D-F6B6DFAF2971}.Release|Any CPU.ActiveCfg = Release|iPhone
		{B7F12DB1-D51F-45EF-8D4D-F6B6DFAF2971}.Release|Any CPU.Build.0 = Release|iPhone
		{B7F12DB1-D51F-45EF-8D4D-F6B6DFAF2971}.Release|Any CPU.Deploy.0 = Release|iPhone
		{B7F12DB1-D51F-45EF-8D4D-F6B6DFAF2971}.Release|ARM.ActiveCfg = Release|iPhone
		{B7F12DB1-D51F-45EF-8D4D-F6B6DFAF2971}.Release|ARM.Build.0 = Release|iPhone
		{B7F12DB1-D51F-45EF-8D4D-F6B6DFAF2971}.Release|ARM.Deploy.0 = Release|iPhone
		{B7F12DB1-D51F-45EF-8D4D-F6B6DFAF2971}.Release|iPhone.ActiveCfg = Release|iPhone
		{B7F12DB1-D51F-45EF-8D4D-F6B6DFAF2971}.Release|iPhone.Build.0 = Release|iPhone
		{B7F12DB1-D51F-45EF-8D4D-F6B6DFAF2971}.Release|iPhone.Deploy.0 = Release|iPhone
		{B7F12DB1-D51F-45EF-8D4D-F6B6DFAF2971}.Release|iPhoneSimulator.ActiveCfg = Release|iPhoneSimulator
		{B7F12DB1-D51F-45EF-8D4D-F6B6DFAF2971}.Release|iPhoneSimulator.Build.0 = Release|iPhoneSimulator
		{B7F12DB1-D51F-45EF-8D4D-F6B6DFAF2971}.Release|iPhoneSimulator.Deploy.0 = Release|iPhoneSimulator
		{B7F12DB1-D51F-45EF-8D4D-F6B6DFAF2971}.Release|x64.ActiveCfg = Release|iPhone
		{B7F12DB1-D51F-45EF-8D4D-F6B6DFAF2971}.Release|x64.Build.0 = Release|iPhone
		{B7F12DB1-D51F-45EF-8D4D-F6B6DFAF2971}.Release|x64.Deploy.0 = Release|iPhone
		{B7F12DB1-D51F-45EF-8D4D-F6B6DFAF2971}.Release|x86.ActiveCfg = Release|iPhone
		{B7F12DB1-D51F-45EF-8D4D-F6B6DFAF2971}.Release|x86.Build.0 = Release|iPhone
		{B7F12DB1-D51F-45EF-8D4D-F6B6DFAF2971}.Release|x86.Deploy.0 = Release|iPhone
		{48817258-A994-457D-9A5B-7D82C19EE794}.Ad-Hoc|Any CPU.ActiveCfg = Release|x86
		{48817258-A994-457D-9A5B-7D82C19EE794}.Ad-Hoc|Any CPU.Build.0 = Release|x86
		{48817258-A994-457D-9A5B-7D82C19EE794}.Ad-Hoc|Any CPU.Deploy.0 = Release|x86
		{48817258-A994-457D-9A5B-7D82C19EE794}.Ad-Hoc|ARM.ActiveCfg = Release|ARM
		{48817258-A994-457D-9A5B-7D82C19EE794}.Ad-Hoc|ARM.Build.0 = Release|ARM
		{48817258-A994-457D-9A5B-7D82C19EE794}.Ad-Hoc|ARM.Deploy.0 = Release|ARM
		{48817258-A994-457D-9A5B-7D82C19EE794}.Ad-Hoc|iPhone.ActiveCfg = Release|x86
		{48817258-A994-457D-9A5B-7D82C19EE794}.Ad-Hoc|iPhone.Build.0 = Release|x86
		{48817258-A994-457D-9A5B-7D82C19EE794}.Ad-Hoc|iPhone.Deploy.0 = Release|x86
		{48817258-A994-457D-9A5B-7D82C19EE794}.Ad-Hoc|iPhoneSimulator.ActiveCfg = Release|x86
		{48817258-A994-457D-9A5B-7D82C19EE794}.Ad-Hoc|iPhoneSimulator.Build.0 = Release|x86
		{48817258-A994-457D-9A5B-7D82C19EE794}.Ad-Hoc|iPhoneSimulator.Deploy.0 = Release|x86
		{48817258-A994-457D-9A5B-7D82C19EE794}.Ad-Hoc|x64.ActiveCfg = Release|x64
		{48817258-A994-457D-9A5B-7D82C19EE794}.Ad-Hoc|x64.Build.0 = Release|x64
		{48817258-A994-457D-9A5B-7D82C19EE794}.Ad-Hoc|x64.Deploy.0 = Release|x64
		{48817258-A994-457D-9A5B-7D82C19EE794}.Ad-Hoc|x86.ActiveCfg = Release|x86
		{48817258-A994-457D-9A5B-7D82C19EE794}.Ad-Hoc|x86.Build.0 = Release|x86
		{48817258-A994-457D-9A5B-7D82C19EE794}.Ad-Hoc|x86.Deploy.0 = Release|x86
		{48817258-A994-457D-9A5B-7D82C19EE794}.AppStore|Any CPU.ActiveCfg = Release|x86
		{48817258-A994-457D-9A5B-7D82C19EE794}.AppStore|Any CPU.Build.0 = Release|x86
		{48817258-A994-457D-9A5B-7D82C19EE794}.AppStore|Any CPU.Deploy.0 = Release|x86
		{48817258-A994-457D-9A5B-7D82C19EE794}.AppStore|ARM.ActiveCfg = Release|ARM
		{48817258-A994-457D-9A5B-7D82C19EE794}.AppStore|ARM.Build.0 = Release|ARM
		{48817258-A994-457D-9A5B-7D82C19EE794}.AppStore|ARM.Deploy.0 = Release|ARM
		{48817258-A994-457D-9A5B-7D82C19EE794}.AppStore|iPhone.ActiveCfg = Release|x86
		{48817258-A994-457D-9A5B-7D82C19EE794}.AppStore|iPhone.Build.0 = Release|x86
		{48817258-A994-457D-9A5B-7D82C19EE794}.AppStore|iPhone.Deploy.0 = Release|x86
		{48817258-A994-457D-9A5B-7D82C19EE794}.AppStore|iPhoneSimulator.ActiveCfg = Release|x86
		{48817258-A994-457D-9A5B-7D82C19EE794}.AppStore|iPhoneSimulator.Build.0 = Release|x86
		{48817258-A994-457D-9A5B-7D82C19EE794}.AppStore|iPhoneSimulator.Deploy.0 = Release|x86
		{48817258-A994-457D-9A5B-7D82C19EE794}.AppStore|x64.ActiveCfg = Release|x64
		{48817258-A994-457D-9A5B-7D82C19EE794}.AppStore|x64.Build.0 = Release|x64
		{48817258-A994-457D-9A5B-7D82C19EE794}.AppStore|x64.Deploy.0 = Release|x64
		{48817258-A994-457D-9A5B-7D82C19EE794}.AppStore|x86.ActiveCfg = Release|x86
		{48817258-A994-457D-9A5B-7D82C19EE794}.AppStore|x86.Build.0 = Release|x86
		{48817258-A994-457D-9A5B-7D82C19EE794}.AppStore|x86.Deploy.0 = Release|x86
		{48817258-A994-457D-9A5B-7D82C19EE794}.Debug|Any CPU.ActiveCfg = Debug|x86
		{48817258-A994-457D-9A5B-7D82C19EE794}.Debug|Any CPU.Build.0 = Debug|x86
		{48817258-A994-457D-9A5B-7D82C19EE794}.Debug|Any CPU.Deploy.0 = Debug|x86
		{48817258-A994-457D-9A5B-7D82C19EE794}.Debug|ARM.ActiveCfg = Debug|ARM
		{48817258-A994-457D-9A5B-7D82C19EE794}.Debug|ARM.Build.0 = Debug|ARM
		{48817258-A994-457D-9A5B-7D82C19EE794}.Debug|ARM.Deploy.0 = Debug|ARM
		{48817258-A994-457D-9A5B-7D82C19EE794}.Debug|iPhone.ActiveCfg = Debug|x86
		{48817258-A994-457D-9A5B-7D82C19EE794}.Debug|iPhone.Build.0 = Debug|x86
		{48817258-A994-457D-9A5B-7D82C19EE794}.Debug|iPhone.Deploy.0 = Debug|x86
		{48817258-A994-457D-9A5B-7D82C19EE794}.Debug|iPhoneSimulator.ActiveCfg = Debug|x86
		{48817258-A994-457D-9A5B-7D82C19EE794}.Debug|iPhoneSimulator.Build.0 = Debug|x86
		{48817258-A994-457D-9A5B-7D82C19EE794}.Debug|iPhoneSimulator.Deploy.0 = Debug|x86
		{48817258-A994-457D-9A5B-7D82C19EE794}.Debug|x64.ActiveCfg = Debug|x64
		{48817258-A994-457D-9A5B-7D82C19EE794}.Debug|x64.Build.0 = Debug|x64
		{48817258-A994-457D-9A5B-7D82C19EE794}.Debug|x64.Deploy.0 = Debug|x64
		{48817258-A994-457D-9A5B-7D82C19EE794}.Debug|x86.ActiveCfg = Debug|x86
		{48817258-A994-457D-9A5B-7D82C19EE794}.Debug|x86.Build.0 = Debug|x86
		{48817258-A994-457D-9A5B-7D82C19EE794}.Debug|x86.Deploy.0 = Debug|x86
		{48817258-A994-457D-9A5B-7D82C19EE794}.Release|Any CPU.ActiveCfg = Release|x86
		{48817258-A994-457D-9A5B-7D82C19EE794}.Release|Any CPU.Build.0 = Release|x86
		{48817258-A994-457D-9A5B-7D82C19EE794}.Release|Any CPU.Deploy.0 = Release|x86
		{48817258-A994-457D-9A5B-7D82C19EE794}.Release|ARM.ActiveCfg = Release|ARM
		{48817258-A994-457D-9A5B-7D82C19EE794}.Release|ARM.Build.0 = Release|ARM
		{48817258-A994-457D-9A5B-7D82C19EE794}.Release|ARM.Deploy.0 = Release|ARM
		{48817258-A994-457D-9A5B-7D82C19EE794}.Release|iPhone.ActiveCfg = Release|x86
		{48817258-A994-457D-9A5B-7D82C19EE794}.Release|iPhone.Build.0 = Release|x86
		{48817258-A994-457D-9A5B-7D82C19EE794}.Release|iPhone.Deploy.0 = Release|x86
		{48817258-A994-457D-9A5B-7D82C19EE794}.Release|iPhoneSimulator.ActiveCfg = Release|x86
		{48817258-A994-457D-9A5B-7D82C19EE794}.Release|iPhoneSimulator.Build.0 = Release|x86
		{48817258-A994-457D-9A5B-7D82C19EE794}.Release|iPhoneSimulator.Deploy.0 = Release|x86
		{48817258-A994-457D-9A5B-7D82C19EE794}.Release|x64.ActiveCfg = Release|x64
		{48817258-A994-457D-9A5B-7D82C19EE794}.Release|x64.Build.0 = Release|x64
		{48817258-A994-457D-9A5B-7D82C19EE794}.Release|x64.Deploy.0 = Release|x64
		{48817258-A994-457D-9A5B-7D82C19EE794}.Release|x86.ActiveCfg = Release|x86
		{48817258-A994-457D-9A5B-7D82C19EE794}.Release|x86.Build.0 = Release|x86
		{48817258-A994-457D-9A5B-7D82C19EE794}.Release|x86.Deploy.0 = Release|x86
		{D7E78FC0-FFFE-4B52-9B2B-589CEEC8C9E5}.Ad-Hoc|Any CPU.ActiveCfg = Debug|Any CPU
		{D7E78FC0-FFFE-4B52-9B2B-589CEEC8C9E5}.Ad-Hoc|Any CPU.Build.0 = Debug|Any CPU
		{D7E78FC0-FFFE-4B52-9B2B-589CEEC8C9E5}.Ad-Hoc|Any CPU.Deploy.0 = Debug|Any CPU
		{D7E78FC0-FFFE-4B52-9B2B-589CEEC8C9E5}.Ad-Hoc|ARM.ActiveCfg = Debug|Any CPU
		{D7E78FC0-FFFE-4B52-9B2B-589CEEC8C9E5}.Ad-Hoc|ARM.Build.0 = Debug|Any CPU
		{D7E78FC0-FFFE-4B52-9B2B-589CEEC8C9E5}.Ad-Hoc|ARM.Deploy.0 = Debug|Any CPU
		{D7E78FC0-FFFE-4B52-9B2B-589CEEC8C9E5}.Ad-Hoc|iPhone.ActiveCfg = Debug|Any CPU
		{D7E78FC0-FFFE-4B52-9B2B-589CEEC8C9E5}.Ad-Hoc|iPhone.Build.0 = Debug|Any CPU
		{D7E78FC0-FFFE-4B52-9B2B-589CEEC8C9E5}.Ad-Hoc|iPhone.Deploy.0 = Debug|Any CPU
		{D7E78FC0-FFFE-4B52-9B2B-589CEEC8C9E5}.Ad-Hoc|iPhoneSimulator.ActiveCfg = Debug|Any CPU
		{D7E78FC0-FFFE-4B52-9B2B-589CEEC8C9E5}.Ad-Hoc|iPhoneSimulator.Build.0 = Debug|Any CPU
		{D7E78FC0-FFFE-4B52-9B2B-589CEEC8C9E5}.Ad-Hoc|iPhoneSimulator.Deploy.0 = Debug|Any CPU
		{D7E78FC0-FFFE-4B52-9B2B-589CEEC8C9E5}.Ad-Hoc|x64.ActiveCfg = Debug|Any CPU
		{D7E78FC0-FFFE-4B52-9B2B-589CEEC8C9E5}.Ad-Hoc|x64.Build.0 = Debug|Any CPU
		{D7E78FC0-FFFE-4B52-9B2B-589CEEC8C9E5}.Ad-Hoc|x64.Deploy.0 = Debug|Any CPU
		{D7E78FC0-FFFE-4B52-9B2B-589CEEC8C9E5}.Ad-Hoc|x86.ActiveCfg = Debug|Any CPU
		{D7E78FC0-FFFE-4B52-9B2B-589CEEC8C9E5}.Ad-Hoc|x86.Build.0 = Debug|Any CPU
		{D7E78FC0-FFFE-4B52-9B2B-589CEEC8C9E5}.Ad-Hoc|x86.Deploy.0 = Debug|Any CPU
		{D7E78FC0-FFFE-4B52-9B2B-589CEEC8C9E5}.AppStore|Any CPU.ActiveCfg = Debug|Any CPU
		{D7E78FC0-FFFE-4B52-9B2B-589CEEC8C9E5}.AppStore|Any CPU.Build.0 = Debug|Any CPU
		{D7E78FC0-FFFE-4B52-9B2B-589CEEC8C9E5}.AppStore|Any CPU.Deploy.0 = Debug|Any CPU
		{D7E78FC0-FFFE-4B52-9B2B-589CEEC8C9E5}.AppStore|ARM.ActiveCfg = Debug|Any CPU
		{D7E78FC0-FFFE-4B52-9B2B-589CEEC8C9E5}.AppStore|ARM.Build.0 = Debug|Any CPU
		{D7E78FC0-FFFE-4B52-9B2B-589CEEC8C9E5}.AppStore|ARM.Deploy.0 = Debug|Any CPU
		{D7E78FC0-FFFE-4B52-9B2B-589CEEC8C9E5}.AppStore|iPhone.ActiveCfg = Debug|Any CPU
		{D7E78FC0-FFFE-4B52-9B2B-589CEEC8C9E5}.AppStore|iPhone.Build.0 = Debug|Any CPU
		{D7E78FC0-FFFE-4B52-9B2B-589CEEC8C9E5}.AppStore|iPhone.Deploy.0 = Debug|Any CPU
		{D7E78FC0-FFFE-4B52-9B2B-589CEEC8C9E5}.AppStore|iPhoneSimulator.ActiveCfg = Debug|Any CPU
		{D7E78FC0-FFFE-4B52-9B2B-589CEEC8C9E5}.AppStore|iPhoneSimulator.Build.0 = Debug|Any CPU
		{D7E78FC0-FFFE-4B52-9B2B-589CEEC8C9E5}.AppStore|iPhoneSimulator.Deploy.0 = Debug|Any CPU
		{D7E78FC0-FFFE-4B52-9B2B-589CEEC8C9E5}.AppStore|x64.ActiveCfg = Debug|Any CPU
		{D7E78FC0-FFFE-4B52-9B2B-589CEEC8C9E5}.AppStore|x64.Build.0 = Debug|Any CPU
		{D7E78FC0-FFFE-4B52-9B2B-589CEEC8C9E5}.AppStore|x64.Deploy.0 = Debug|Any CPU
		{D7E78FC0-FFFE-4B52-9B2B-589CEEC8C9E5}.AppStore|x86.ActiveCfg = Debug|Any CPU
		{D7E78FC0-FFFE-4B52-9B2B-589CEEC8C9E5}.AppStore|x86.Build.0 = Debug|Any CPU
		{D7E78FC0-FFFE-4B52-9B2B-589CEEC8C9E5}.AppStore|x86.Deploy.0 = Debug|Any CPU
		{D7E78FC0-FFFE-4B52-9B2B-589CEEC8C9E5}.Debug|Any CPU.ActiveCfg = Debug|Any CPU
		{D7E78FC0-FFFE-4B52-9B2B-589CEEC8C9E5}.Debug|Any CPU.Build.0 = Debug|Any CPU
		{D7E78FC0-FFFE-4B52-9B2B-589CEEC8C9E5}.Debug|Any CPU.Deploy.0 = Debug|Any CPU
		{D7E78FC0-FFFE-4B52-9B2B-589CEEC8C9E5}.Debug|ARM.ActiveCfg = Debug|Any CPU
		{D7E78FC0-FFFE-4B52-9B2B-589CEEC8C9E5}.Debug|ARM.Build.0 = Debug|Any CPU
		{D7E78FC0-FFFE-4B52-9B2B-589CEEC8C9E5}.Debug|ARM.Deploy.0 = Debug|Any CPU
		{D7E78FC0-FFFE-4B52-9B2B-589CEEC8C9E5}.Debug|iPhone.ActiveCfg = Debug|Any CPU
		{D7E78FC0-FFFE-4B52-9B2B-589CEEC8C9E5}.Debug|iPhone.Build.0 = Debug|Any CPU
		{D7E78FC0-FFFE-4B52-9B2B-589CEEC8C9E5}.Debug|iPhone.Deploy.0 = Debug|Any CPU
		{D7E78FC0-FFFE-4B52-9B2B-589CEEC8C9E5}.Debug|iPhoneSimulator.ActiveCfg = Debug|Any CPU
		{D7E78FC0-FFFE-4B52-9B2B-589CEEC8C9E5}.Debug|iPhoneSimulator.Build.0 = Debug|Any CPU
		{D7E78FC0-FFFE-4B52-9B2B-589CEEC8C9E5}.Debug|iPhoneSimulator.Deploy.0 = Debug|Any CPU
		{D7E78FC0-FFFE-4B52-9B2B-589CEEC8C9E5}.Debug|x64.ActiveCfg = Debug|Any CPU
		{D7E78FC0-FFFE-4B52-9B2B-589CEEC8C9E5}.Debug|x64.Build.0 = Debug|Any CPU
		{D7E78FC0-FFFE-4B52-9B2B-589CEEC8C9E5}.Debug|x64.Deploy.0 = Debug|Any CPU
		{D7E78FC0-FFFE-4B52-9B2B-589CEEC8C9E5}.Debug|x86.ActiveCfg = Debug|Any CPU
		{D7E78FC0-FFFE-4B52-9B2B-589CEEC8C9E5}.Debug|x86.Build.0 = Debug|Any CPU
		{D7E78FC0-FFFE-4B52-9B2B-589CEEC8C9E5}.Debug|x86.Deploy.0 = Debug|Any CPU
		{D7E78FC0-FFFE-4B52-9B2B-589CEEC8C9E5}.Release|Any CPU.ActiveCfg = Release|Any CPU
		{D7E78FC0-FFFE-4B52-9B2B-589CEEC8C9E5}.Release|Any CPU.Build.0 = Release|Any CPU
		{D7E78FC0-FFFE-4B52-9B2B-589CEEC8C9E5}.Release|Any CPU.Deploy.0 = Release|Any CPU
		{D7E78FC0-FFFE-4B52-9B2B-589CEEC8C9E5}.Release|ARM.ActiveCfg = Release|Any CPU
		{D7E78FC0-FFFE-4B52-9B2B-589CEEC8C9E5}.Release|ARM.Build.0 = Release|Any CPU
		{D7E78FC0-FFFE-4B52-9B2B-589CEEC8C9E5}.Release|ARM.Deploy.0 = Release|Any CPU
		{D7E78FC0-FFFE-4B52-9B2B-589CEEC8C9E5}.Release|iPhone.ActiveCfg = Release|Any CPU
		{D7E78FC0-FFFE-4B52-9B2B-589CEEC8C9E5}.Release|iPhone.Build.0 = Release|Any CPU
		{D7E78FC0-FFFE-4B52-9B2B-589CEEC8C9E5}.Release|iPhone.Deploy.0 = Release|Any CPU
		{D7E78FC0-FFFE-4B52-9B2B-589CEEC8C9E5}.Release|iPhoneSimulator.ActiveCfg = Release|Any CPU
		{D7E78FC0-FFFE-4B52-9B2B-589CEEC8C9E5}.Release|iPhoneSimulator.Build.0 = Release|Any CPU
		{D7E78FC0-FFFE-4B52-9B2B-589CEEC8C9E5}.Release|iPhoneSimulator.Deploy.0 = Release|Any CPU
		{D7E78FC0-FFFE-4B52-9B2B-589CEEC8C9E5}.Release|x64.ActiveCfg = Release|Any CPU
		{D7E78FC0-FFFE-4B52-9B2B-589CEEC8C9E5}.Release|x64.Build.0 = Release|Any CPU
		{D7E78FC0-FFFE-4B52-9B2B-589CEEC8C9E5}.Release|x64.Deploy.0 = Release|Any CPU
		{D7E78FC0-FFFE-4B52-9B2B-589CEEC8C9E5}.Release|x86.ActiveCfg = Release|Any CPU
		{D7E78FC0-FFFE-4B52-9B2B-589CEEC8C9E5}.Release|x86.Build.0 = Release|Any CPU
		{D7E78FC0-FFFE-4B52-9B2B-589CEEC8C9E5}.Release|x86.Deploy.0 = Release|Any CPU
	EndGlobalSection
	GlobalSection(SolutionProperties) = preSolution
		HideSolutionNode = FALSE
	EndGlobalSection
	GlobalSection(ExtensibilityGlobals) = postSolution
		SolutionGuid = {E4ABC649-CACE-4920-A6B1-3CE2A4BBB276}
	EndGlobalSection
EndGlobal
